Microsoft Visual Studio Solution File, Format Version 12.00
# Visual Studio Version 17
VisualStudioVersion = 17.5.2.0
MinimumVisualStudioVersion = 10.0.40219.1
Project("{FAE04EC0-301F-11D3-BF4B-00C04F79EFBC}") = "tempCPU", "tempCPU.csproj", "{FF92E654-AD56-C1CD-F8F9-BA092B4A5D65}"
EndProject
Global
	GlobalSection(SolutionConfigurationPlatforms) = preSolution
		Debug|Any CPU = Debug|Any CPU
		Release|Any CPU = Release|Any CPU
	EndGlobalSection
	GlobalSection(ProjectConfigurationPlatforms) = postSolution
		{FF92E654-AD56-C1CD-F8F9-BA092B4A5D65}.Debug|Any CPU.ActiveCfg = Debug|Any CPU
		{FF92E654-AD56-C1CD-F8F9-BA092B4A5D65}.Debug|Any CPU.Build.0 = Debug|Any CPU
		{FF92E654-AD56-C1CD-F8F9-BA092B4A5D65}.Release|Any CPU.ActiveCfg = Release|Any CPU
		{FF92E654-AD56-C1CD-F8F9-BA092B4A5D65}.Release|Any CPU.Build.0 = Release|Any CPU
	EndGlobalSection
	GlobalSection(SolutionProperties) = preSolution
		HideSolutionNode = FALSE
	EndGlobalSection
	GlobalSection(ExtensibilityGlobals) = postSolution
		SolutionGuid = {E20668C9-1F48-4D2A-BDFB-E8BB9B606B45}
	EndGlobalSection
EndGlobal
